{
    "_meta": {
        "hash": {
            "sha256": "d121fb7683e3ebf3531878663416a16589bf43b869bd90aad41fa7f20086930e"
        },
        "requires": {},
        "sources": [
            {
                "url": "https://pypi.python.org/simple",
                "verify_ssl": true
            }
        ]
    },
    "default": {},
    "develop": {
        "alabaster": {
            "version": "==0.7.10"
        },
        "babel": {
            "version": "==2.4.0"
        },
        "certifi": {
            "version": "==2017.4.17"
        },
        "chardet": {
            "version": "==3.0.4"
        },
        "docutils": {
            "version": "==0.13.1"
        },
        "idna": {
            "version": "==2.5"
        },
        "imagesize": {
            "version": "==0.7.1"
        },
        "jinja2": {
            "version": "==2.9.6"
        },
        "markupsafe": {
            "version": "==1.0"
        },
        "mypy": {
            "version": "==0.511"
        },
        "py": {
            "version": "==1.4.34"
        },
        "pygments": {
            "version": "==2.2.0"
        },
        "pytest": {
            "version": "==3.1.1"
        },
        "pytz": {
            "version": "==2017.2"
        },
        "requests": {
            "version": "==2.17.3"
        },
        "setuptools": {
            "version": "==36.0.1"
        },
        "six": {
            "version": "==1.10.0"
        },
        "snowballstemmer": {
            "version": "==1.2.1"
        },
        "sphinx": {
            "version": "==1.6.2"
        },
        "sphinxcontrib-websupport": {
            "version": "==1.0.1"
        },
        "typed-ast": {
            "version": "==1.0.3"
        },
        "urllib3": {
            "version": "==1.21.1"
        }
    }
}
